
Microsoft Visual Studio Solution File, Format Version 12.00
# Visual Studio Version 17
VisualStudioVersion = 17.5.002.0
MinimumVisualStudioVersion = 10.0.40219.1
Project("{9A19103F-16F7-4668-BE54-9A1E7A4F7556}") = "01 Syntax", "01 Syntax\01 Syntax.csproj", "{5EF75997-B2B4-4695-90A0-2355B27B12CB}"
EndProject
Project("{9A19103F-16F7-4668-BE54-9A1E7A4F7556}") = "02 Output", "02 Output\02 Output.csproj", "{BA8DBD44-CD85-4624-860D-8B4F3FACD45A}"
EndProject
Project("{9A19103F-16F7-4668-BE54-9A1E7A4F7556}") = "03 Comments", "03 Comments\03 Comments.csproj", "{87767713-2EBA-4603-B70B-5D33B421ECF5}"
EndProject
Project("{9A19103F-16F7-4668-BE54-9A1E7A4F7556}") = "04 Variables", "04 Variables\04 Variables.csproj", "{F6568BE6-690E-492C-8993-EE9B7F5F46FC}"
EndProject
Project("{9A19103F-16F7-4668-BE54-9A1E7A4F7556}") = "05 Data Types", "05 Data Types\05 Data Types.csproj", "{904287F7-DA0C-4518-8A89-5DBFF673176F}"
EndProject
Project("{9A19103F-16F7-4668-BE54-9A1E7A4F7556}") = "06 Type Casting", "06 Type Casting\06 Type Casting.csproj", "{3C7DDFF5-0E22-4A99-9AF5-EB793A2AD290}"
EndProject
Project("{9A19103F-16F7-4668-BE54-9A1E7A4F7556}") = "07 User Input", "07 User Input\07 User Input.csproj", "{08079E61-A37D-4C41-98FA-E5E9BE9C8667}"
EndProject
Project("{9A19103F-16F7-4668-BE54-9A1E7A4F7556}") = "08 Operators", "08 Operators\08 Operators.csproj", "{954F40EE-4908-4ABF-9033-4EE03B5A7B9C}"
EndProject
Project("{9A19103F-16F7-4668-BE54-9A1E7A4F7556}") = "09 Math", "09 Math\09 Math.csproj", "{BFCE6F97-4202-448D-B1A7-7EA9F9E88917}"
EndProject
Project("{9A19103F-16F7-4668-BE54-9A1E7A4F7556}") = "10 Strings", "10 Strings\10 Strings.csproj", "{DD19A3C1-7188-4EA0-9D33-BA00A98353B3}"
EndProject
Project("{9A19103F-16F7-4668-BE54-9A1E7A4F7556}") = "11 Booleans", "11 Booleans\11 Booleans.csproj", "{A5FF0033-876A-459D-90F3-8EC577707148}"
EndProject
Project("{9A19103F-16F7-4668-BE54-9A1E7A4F7556}") = "12 Conditionals", "12 Conditionals\12 Conditionals.csproj", "{311BAA79-6019-41B1-82BB-53B89CB67787}"
EndProject
Project("{9A19103F-16F7-4668-BE54-9A1E7A4F7556}") = "13 Loop", "13 Loop\13 Loop.csproj", "{B07F19D1-39DF-4E5E-B862-4B79EBE97C05}"
EndProject
Project("{9A19103F-16F7-4668-BE54-9A1E7A4F7556}") = "14 Arrays", "14 Arrays\14 Arrays.csproj", "{F610585D-A11D-4EF2-887E-473966F0E345}"
EndProject
Project("{9A19103F-16F7-4668-BE54-9A1E7A4F7556}") = "15 Methods", "15 Methods\15 Methods.csproj", "{03BF8DC3-3B92-461C-9A57-294DA3C0C705}"
EndProject
Project("{2150E333-8FDC-42A3-9474-1A3956D46DE8}") = "16 OOP", "16 OOP", "{F7703EC3-3CE0-408B-983C-AC1E7B0862ED}"
EndProject
Project("{9A19103F-16F7-4668-BE54-9A1E7A4F7556}") = "01 OOP", "16 OOP\01 OOP\01 OOP.csproj", "{0318F609-62B2-4C2A-A081-590C96B456B7}"
EndProject
Project("{9A19103F-16F7-4668-BE54-9A1E7A4F7556}") = "Constructor", "16 OOP\02 Constructor\Constructor.csproj", "{434BEEE1-69AE-47F8-9342-481EBA82D062}"
EndProject
Project("{9A19103F-16F7-4668-BE54-9A1E7A4F7556}") = "02 Access Modifiers", "16 OOP\03 Access Modifiers\02 Access Modifiers.csproj", "{86F3896C-9732-49AA-A44C-AC71F48049E5}"
EndProject
Project("{9A19103F-16F7-4668-BE54-9A1E7A4F7556}") = "03 Encapsulation", "16 OOP\04 Encapsulation\03 Encapsulation.csproj", "{2A112229-C515-453B-A184-BAC857B93FA3}"
EndProject
Project("{9A19103F-16F7-4668-BE54-9A1E7A4F7556}") = "04 Inheritance", "16 OOP\05 Inheritance\04 Inheritance.csproj", "{F0365071-F1B5-4C39-88B7-049CA14F2E0E}"
EndProject
Project("{9A19103F-16F7-4668-BE54-9A1E7A4F7556}") = "06 Polymorphism", "16 OOP\06 Polymorphism\06 Polymorphism.csproj", "{93D3B66C-AB8D-4DFF-A63D-692BBE8CA70E}"
EndProject
Project("{9A19103F-16F7-4668-BE54-9A1E7A4F7556}") = "07 Abstraction", "16 OOP\07 Abstraction\07 Abstraction.csproj", "{423E9EEE-76CA-4424-AA81-0EBF20D08A73}"
EndProject
Global
	GlobalSection(SolutionConfigurationPlatforms) = preSolution
		Debug|Any CPU = Debug|Any CPU
		Release|Any CPU = Release|Any CPU
	EndGlobalSection
	GlobalSection(ProjectConfigurationPlatforms) = postSolution
		{5EF75997-B2B4-4695-90A0-2355B27B12CB}.Debug|Any CPU.ActiveCfg = Debug|Any CPU
		{5EF75997-B2B4-4695-90A0-2355B27B12CB}.Debug|Any CPU.Build.0 = Debug|Any CPU
		{5EF75997-B2B4-4695-90A0-2355B27B12CB}.Release|Any CPU.ActiveCfg = Release|Any CPU
		{5EF75997-B2B4-4695-90A0-2355B27B12CB}.Release|Any CPU.Build.0 = Release|Any CPU
		{BA8DBD44-CD85-4624-860D-8B4F3FACD45A}.Debug|Any CPU.ActiveCfg = Debug|Any CPU
		{BA8DBD44-CD85-4624-860D-8B4F3FACD45A}.Debug|Any CPU.Build.0 = Debug|Any CPU
		{BA8DBD44-CD85-4624-860D-8B4F3FACD45A}.Release|Any CPU.ActiveCfg = Release|Any CPU
		{BA8DBD44-CD85-4624-860D-8B4F3FACD45A}.Release|Any CPU.Build.0 = Release|Any CPU
		{87767713-2EBA-4603-B70B-5D33B421ECF5}.Debug|Any CPU.ActiveCfg = Debug|Any CPU
		{87767713-2EBA-4603-B70B-5D33B421ECF5}.Debug|Any CPU.Build.0 = Debug|Any CPU
		{87767713-2EBA-4603-B70B-5D33B421ECF5}.Release|Any CPU.ActiveCfg = Release|Any CPU
		{87767713-2EBA-4603-B70B-5D33B421ECF5}.Release|Any CPU.Build.0 = Release|Any CPU
		{F6568BE6-690E-492C-8993-EE9B7F5F46FC}.Debug|Any CPU.ActiveCfg = Debug|Any CPU
		{F6568BE6-690E-492C-8993-EE9B7F5F46FC}.Debug|Any CPU.Build.0 = Debug|Any CPU
		{F6568BE6-690E-492C-8993-EE9B7F5F46FC}.Release|Any CPU.ActiveCfg = Release|Any CPU
		{F6568BE6-690E-492C-8993-EE9B7F5F46FC}.Release|Any CPU.Build.0 = Release|Any CPU
		{904287F7-DA0C-4518-8A89-5DBFF673176F}.Debug|Any CPU.ActiveCfg = Debug|Any CPU
		{904287F7-DA0C-4518-8A89-5DBFF673176F}.Debug|Any CPU.Build.0 = Debug|Any CPU
		{904287F7-DA0C-4518-8A89-5DBFF673176F}.Release|Any CPU.ActiveCfg = Release|Any CPU
		{904287F7-DA0C-4518-8A89-5DBFF673176F}.Release|Any CPU.Build.0 = Release|Any CPU
		{3C7DDFF5-0E22-4A99-9AF5-EB793A2AD290}.Debug|Any CPU.ActiveCfg = Debug|Any CPU
		{3C7DDFF5-0E22-4A99-9AF5-EB793A2AD290}.Debug|Any CPU.Build.0 = Debug|Any CPU
		{3C7DDFF5-0E22-4A99-9AF5-EB793A2AD290}.Release|Any CPU.ActiveCfg = Release|Any CPU
		{3C7DDFF5-0E22-4A99-9AF5-EB793A2AD290}.Release|Any CPU.Build.0 = Release|Any CPU
		{08079E61-A37D-4C41-98FA-E5E9BE9C8667}.Debug|Any CPU.ActiveCfg = Debug|Any CPU
		{08079E61-A37D-4C41-98FA-E5E9BE9C8667}.Debug|Any CPU.Build.0 = Debug|Any CPU
		{08079E61-A37D-4C41-98FA-E5E9BE9C8667}.Release|Any CPU.ActiveCfg = Release|Any CPU
		{08079E61-A37D-4C41-98FA-E5E9BE9C8667}.Release|Any CPU.Build.0 = Release|Any CPU
		{954F40EE-4908-4ABF-9033-4EE03B5A7B9C}.Debug|Any CPU.ActiveCfg = Debug|Any CPU
		{954F40EE-4908-4ABF-9033-4EE03B5A7B9C}.Debug|Any CPU.Build.0 = Debug|Any CPU
		{954F40EE-4908-4ABF-9033-4EE03B5A7B9C}.Release|Any CPU.ActiveCfg = Release|Any CPU
		{954F40EE-4908-4ABF-9033-4EE03B5A7B9C}.Release|Any CPU.Build.0 = Release|Any CPU
		{BFCE6F97-4202-448D-B1A7-7EA9F9E88917}.Debug|Any CPU.ActiveCfg = Debug|Any CPU
		{BFCE6F97-4202-448D-B1A7-7EA9F9E88917}.Debug|Any CPU.Build.0 = Debug|Any CPU
		{BFCE6F97-4202-448D-B1A7-7EA9F9E88917}.Release|Any CPU.ActiveCfg = Release|Any CPU
		{BFCE6F97-4202-448D-B1A7-7EA9F9E88917}.Release|Any CPU.Build.0 = Release|Any CPU
		{DD19A3C1-7188-4EA0-9D33-BA00A98353B3}.Debug|Any CPU.ActiveCfg = Debug|Any CPU
		{DD19A3C1-7188-4EA0-9D33-BA00A98353B3}.Debug|Any CPU.Build.0 = Debug|Any CPU
		{DD19A3C1-7188-4EA0-9D33-BA00A98353B3}.Release|Any CPU.ActiveCfg = Release|Any CPU
		{DD19A3C1-7188-4EA0-9D33-BA00A98353B3}.Release|Any CPU.Build.0 = Release|Any CPU
		{A5FF0033-876A-459D-90F3-8EC577707148}.Debug|Any CPU.ActiveCfg = Debug|Any CPU
		{A5FF0033-876A-459D-90F3-8EC577707148}.Debug|Any CPU.Build.0 = Debug|Any CPU
		{A5FF0033-876A-459D-90F3-8EC577707148}.Release|Any CPU.ActiveCfg = Release|Any CPU
		{A5FF0033-876A-459D-90F3-8EC577707148}.Release|Any CPU.Build.0 = Release|Any CPU
		{311BAA79-6019-41B1-82BB-53B89CB67787}.Debug|Any CPU.ActiveCfg = Debug|Any CPU
		{311BAA79-6019-41B1-82BB-53B89CB67787}.Debug|Any CPU.Build.0 = Debug|Any CPU
		{311BAA79-6019-41B1-82BB-53B89CB67787}.Release|Any CPU.ActiveCfg = Release|Any CPU
		{311BAA79-6019-41B1-82BB-53B89CB67787}.Release|Any CPU.Build.0 = Release|Any CPU
		{B07F19D1-39DF-4E5E-B862-4B79EBE97C05}.Debug|Any CPU.ActiveCfg = Debug|Any CPU
		{B07F19D1-39DF-4E5E-B862-4B79EBE97C05}.Debug|Any CPU.Build.0 = Debug|Any CPU
		{B07F19D1-39DF-4E5E-B862-4B79EBE97C05}.Release|Any CPU.ActiveCfg = Release|Any CPU
		{B07F19D1-39DF-4E5E-B862-4B79EBE97C05}.Release|Any CPU.Build.0 = Release|Any CPU
		{F610585D-A11D-4EF2-887E-473966F0E345}.Debug|Any CPU.ActiveCfg = Debug|Any CPU
		{F610585D-A11D-4EF2-887E-473966F0E345}.Debug|Any CPU.Build.0 = Debug|Any CPU
		{F610585D-A11D-4EF2-887E-473966F0E345}.Release|Any CPU.ActiveCfg = Release|Any CPU
		{F610585D-A11D-4EF2-887E-473966F0E345}.Release|Any CPU.Build.0 = Release|Any CPU
		{03BF8DC3-3B92-461C-9A57-294DA3C0C705}.Debug|Any CPU.ActiveCfg = Debug|Any CPU
		{03BF8DC3-3B92-461C-9A57-294DA3C0C705}.Debug|Any CPU.Build.0 = Debug|Any CPU
		{03BF8DC3-3B92-461C-9A57-294DA3C0C705}.Release|Any CPU.ActiveCfg = Release|Any CPU
		{03BF8DC3-3B92-461C-9A57-294DA3C0C705}.Release|Any CPU.Build.0 = Release|Any CPU
		{0318F609-62B2-4C2A-A081-590C96B456B7}.Debug|Any CPU.ActiveCfg = Debug|Any CPU
		{0318F609-62B2-4C2A-A081-590C96B456B7}.Debug|Any CPU.Build.0 = Debug|Any CPU
		{0318F609-62B2-4C2A-A081-590C96B456B7}.Release|Any CPU.ActiveCfg = Release|Any CPU
		{0318F609-62B2-4C2A-A081-590C96B456B7}.Release|Any CPU.Build.0 = Release|Any CPU
		{434BEEE1-69AE-47F8-9342-481EBA82D062}.Debug|Any CPU.ActiveCfg = Debug|Any CPU
		{434BEEE1-69AE-47F8-9342-481EBA82D062}.Debug|Any CPU.Build.0 = Debug|Any CPU
		{434BEEE1-69AE-47F8-9342-481EBA82D062}.Release|Any CPU.ActiveCfg = Release|Any CPU
		{434BEEE1-69AE-47F8-9342-481EBA82D062}.Release|Any CPU.Build.0 = Release|Any CPU
		{86F3896C-9732-49AA-A44C-AC71F48049E5}.Debug|Any CPU.ActiveCfg = Debug|Any CPU
		{86F3896C-9732-49AA-A44C-AC71F48049E5}.Debug|Any CPU.Build.0 = Debug|Any CPU
		{86F3896C-9732-49AA-A44C-AC71F48049E5}.Release|Any CPU.ActiveCfg = Release|Any CPU
		{86F3896C-9732-49AA-A44C-AC71F48049E5}.Release|Any CPU.Build.0 = Release|Any CPU
		{2A112229-C515-453B-A184-BAC857B93FA3}.Debug|Any CPU.ActiveCfg = Debug|Any CPU
		{2A112229-C515-453B-A184-BAC857B93FA3}.Debug|Any CPU.Build.0 = Debug|Any CPU
		{2A112229-C515-453B-A184-BAC857B93FA3}.Release|Any CPU.ActiveCfg = Release|Any CPU
		{2A112229-C515-453B-A184-BAC857B93FA3}.Release|Any CPU.Build.0 = Release|Any CPU
		{F0365071-F1B5-4C39-88B7-049CA14F2E0E}.Debug|Any CPU.ActiveCfg = Debug|Any CPU
		{F0365071-F1B5-4C39-88B7-049CA14F2E0E}.Debug|Any CPU.Build.0 = Debug|Any CPU
		{F0365071-F1B5-4C39-88B7-049CA14F2E0E}.Release|Any CPU.ActiveCfg = Release|Any CPU
		{F0365071-F1B5-4C39-88B7-049CA14F2E0E}.Release|Any CPU.Build.0 = Release|Any CPU
		{93D3B66C-AB8D-4DFF-A63D-692BBE8CA70E}.Debug|Any CPU.ActiveCfg = Debug|Any CPU
		{93D3B66C-AB8D-4DFF-A63D-692BBE8CA70E}.Debug|Any CPU.Build.0 = Debug|Any CPU
		{93D3B66C-AB8D-4DFF-A63D-692BBE8CA70E}.Release|Any CPU.ActiveCfg = Release|Any CPU
		{93D3B66C-AB8D-4DFF-A63D-692BBE8CA70E}.Release|Any CPU.Build.0 = Release|Any CPU
		{423E9EEE-76CA-4424-AA81-0EBF20D08A73}.Debug|Any CPU.ActiveCfg = Debug|Any CPU
		{423E9EEE-76CA-4424-AA81-0EBF20D08A73}.Debug|Any CPU.Build.0 = Debug|Any CPU
		{423E9EEE-76CA-4424-AA81-0EBF20D08A73}.Release|Any CPU.ActiveCfg = Release|Any CPU
		{423E9EEE-76CA-4424-AA81-0EBF20D08A73}.Release|Any CPU.Build.0 = Release|Any CPU
	EndGlobalSection
	GlobalSection(SolutionProperties) = preSolution
		HideSolutionNode = FALSE
	EndGlobalSection
	GlobalSection(NestedProjects) = preSolution
		{0318F609-62B2-4C2A-A081-590C96B456B7} = {F7703EC3-3CE0-408B-983C-AC1E7B0862ED}
		{434BEEE1-69AE-47F8-9342-481EBA82D062} = {F7703EC3-3CE0-408B-983C-AC1E7B0862ED}
		{86F3896C-9732-49AA-A44C-AC71F48049E5} = {F7703EC3-3CE0-408B-983C-AC1E7B0862ED}
		{2A112229-C515-453B-A184-BAC857B93FA3} = {F7703EC3-3CE0-408B-983C-AC1E7B0862ED}
		{F0365071-F1B5-4C39-88B7-049CA14F2E0E} = {F7703EC3-3CE0-408B-983C-AC1E7B0862ED}
		{93D3B66C-AB8D-4DFF-A63D-692BBE8CA70E} = {F7703EC3-3CE0-408B-983C-AC1E7B0862ED}
		{423E9EEE-76CA-4424-AA81-0EBF20D08A73} = {F7703EC3-3CE0-408B-983C-AC1E7B0862ED}
	EndGlobalSection
	GlobalSection(ExtensibilityGlobals) = postSolution
		SolutionGuid = {C392CDDB-4DB5-4604-BC14-917491B2B244}
	EndGlobalSection
EndGlobal
